
Microsoft Visual Studio Solution File, Format Version 12.00
# Visual Studio 15
Project("{FAE04EC0-301F-11D3-BF4B-00C04F79EFBC}") = "AdventureGame", "AdventureGame.csproj", "{3C31BD8A-C6E0-4302-863E-AD4738185E08}"
EndProject
Global
	GlobalSection(SolutionConfigurationPlatforms) = preSolution
		Debug|Any CPU = Debug|Any CPU
		Release|Any CPU = Release|Any CPU
	EndGlobalSection
	GlobalSection(ProjectConfigurationPlatforms) = postSolution
		{3C31BD8A-C6E0-4302-863E-AD4738185E08}.Debug|Any CPU.ActiveCfg = Debug|Any CPU
		{3C31BD8A-C6E0-4302-863E-AD4738185E08}.Debug|Any CPU.Build.0 = Debug|Any CPU
		{3C31BD8A-C6E0-4302-863E-AD4738185E08}.Release|Any CPU.ActiveCfg = Release|Any CPU
		{3C31BD8A-C6E0-4302-863E-AD4738185E08}.Release|Any CPU.Build.0 = Release|Any CPU
	EndGlobalSection
EndGlobal
